{
  "name": "@alwaysonlabs/cypress-test-intelligence",
  "version": "1.0.0",
  "lockfileVersion": 3,
  "requires": true,
  "packages": {
    "": {
      "name": "@alwaysonlabs/cypress-test-intelligence",
      "version": "1.0.0",
      "license": "MIT",
      "bin": {
        "cypress-test-intelligence": "bin/cypress-test-intelligence.js"
      },
      "engines": {
        "node": ">=14.0.0"
      }
    }
  }
}
